
Microsoft Visual Studio Solution File, Format Version 12.00
# Visual Studio 15
VisualStudioVersion = 15.0.28010.2019
MinimumVisualStudioVersion = 10.0.40219.1
Project("{9A19103F-16F7-4668-BE54-9A1E7A4F7556}") = "Paneleo.API", "Paneleo.API\Paneleo.API.csproj", "{52A2C289-561F-44A3-BEAC-BF51111E0366}"
EndProject
Project("{9A19103F-16F7-4668-BE54-9A1E7A4F7556}") = "Paneleo.Data", "Paneleo.Data\Paneleo.Data.csproj", "{30569B3C-2748-4BC4-9A78-044D5C46A6F0}"
EndProject
Project("{9A19103F-16F7-4668-BE54-9A1E7A4F7556}") = "Paneleo.Services", "Paneleo.Services\Paneleo.Services.csproj", "{A3C47EBA-6EF5-4D32-A4E1-1E5F279EC9EE}"
EndProject
Project("{9A19103F-16F7-4668-BE54-9A1E7A4F7556}") = "Paneleo.Models", "Paneleo.Models\Paneleo.Models.csproj", "{9152D15E-933C-479E-A9EE-1675C8264E3D}"
EndProject
Global
	GlobalSection(SolutionConfigurationPlatforms) = preSolution
		Debug|Any CPU = Debug|Any CPU
		Release|Any CPU = Release|Any CPU
	EndGlobalSection
	GlobalSection(ProjectConfigurationPlatforms) = postSolution
		{52A2C289-561F-44A3-BEAC-BF51111E0366}.Debug|Any CPU.ActiveCfg = Debug|Any CPU
		{52A2C289-561F-44A3-BEAC-BF51111E0366}.Debug|Any CPU.Build.0 = Debug|Any CPU
		{52A2C289-561F-44A3-BEAC-BF51111E0366}.Release|Any CPU.ActiveCfg = Release|Any CPU
		{52A2C289-561F-44A3-BEAC-BF51111E0366}.Release|Any CPU.Build.0 = Release|Any CPU
		{30569B3C-2748-4BC4-9A78-044D5C46A6F0}.Debug|Any CPU.ActiveCfg = Debug|Any CPU
		{30569B3C-2748-4BC4-9A78-044D5C46A6F0}.Debug|Any CPU.Build.0 = Debug|Any CPU
		{30569B3C-2748-4BC4-9A78-044D5C46A6F0}.Release|Any CPU.ActiveCfg = Release|Any CPU
		{30569B3C-2748-4BC4-9A78-044D5C46A6F0}.Release|Any CPU.Build.0 = Release|Any CPU
		{A3C47EBA-6EF5-4D32-A4E1-1E5F279EC9EE}.Debug|Any CPU.ActiveCfg = Debug|Any CPU
		{A3C47EBA-6EF5-4D32-A4E1-1E5F279EC9EE}.Debug|Any CPU.Build.0 = Debug|Any CPU
		{A3C47EBA-6EF5-4D32-A4E1-1E5F279EC9EE}.Release|Any CPU.ActiveCfg = Release|Any CPU
		{A3C47EBA-6EF5-4D32-A4E1-1E5F279EC9EE}.Release|Any CPU.Build.0 = Release|Any CPU
		{9152D15E-933C-479E-A9EE-1675C8264E3D}.Debug|Any CPU.ActiveCfg = Debug|Any CPU
		{9152D15E-933C-479E-A9EE-1675C8264E3D}.Debug|Any CPU.Build.0 = Debug|Any CPU
		{9152D15E-933C-479E-A9EE-1675C8264E3D}.Release|Any CPU.ActiveCfg = Release|Any CPU
		{9152D15E-933C-479E-A9EE-1675C8264E3D}.Release|Any CPU.Build.0 = Release|Any CPU
	EndGlobalSection
	GlobalSection(SolutionProperties) = preSolution
		HideSolutionNode = FALSE
	EndGlobalSection
	GlobalSection(ExtensibilityGlobals) = postSolution
		SolutionGuid = {59250E7C-CB84-4FF3-BECD-6A0487C97AFB}
	EndGlobalSection
EndGlobal
